{
    "version": 3,
    "terraform_version": "0.11.10",
    "serial": 3,
    "lineage": "73efddf8-7bd0-2bf6-ad81-5226d252f038",
    "modules": [
        {
            "path": [
                "root"
            ],
            "outputs": {},
            "resources": {
                "digitalocean_droplet.dev": {
                    "type": "digitalocean_droplet",
                    "depends_on": [],
                    "primary": {
                        "id": "121267377",
                        "attributes": {
                            "backups": "false",
                            "disk": "25",
                            "id": "121267377",
                            "image": "ubuntu-18-04-x64",
                            "ipv4_address": "167.99.165.136",
                            "ipv4_address_private": "10.138.114.2",
                            "ipv6": "false",
                            "ipv6_address": "",
                            "ipv6_address_private": "",
                            "locked": "false",
                            "memory": "1024",
                            "monitoring": "false",
                            "name": "dev",
                            "price_hourly": "0.00744",
                            "price_monthly": "5",
                            "private_networking": "true",
                            "region": "sfo2",
                            "resize_disk": "true",
                            "size": "s-1vcpu-1gb",
                            "ssh_keys.#": "1",
                            "ssh_keys.3107837324": "6f:07:da:d2:f7:02:09:b5:ea:d5:75:b8:70:44:c6:01",
                            "status": "active",
                            "tags.#": "0",
                            "vcpus": "1",
                            "volume_ids.#": "0"
                        },
                        "meta": {
                            "schema_version": "1"
                        },
                        "tainted": false
                    },
                    "deposed": [],
                    "provider": "provider.digitalocean"
                }
            },
            "depends_on": []
        }
    ]
}
